
Microsoft Visual Studio Solution File, Format Version 12.00
# Visual Studio Version 16
VisualStudioVersion = 16.0.30621.155
MinimumVisualStudioVersion = 10.0.40219.1
Project("{FAE04EC0-301F-11D3-BF4B-00C04F79EFBC}") = "PreJoiningFinalAssignment", "PreJoiningFinalAssignment.csproj", "{B092E362-D160-41AC-A9AA-EB00772E61ED}"
EndProject
Project("{FAE04EC0-301F-11D3-BF4B-00C04F79EFBC}") = "PreJoiningFinalAssignment.Tests", "..\PreJoiningFinalAssignment.Tests\PreJoiningFinalAssignment.Tests.csproj", "{2ADD6F5A-4CF3-45DE-A10E-7DA772B322B8}"
EndProject
Global
	GlobalSection(SolutionConfigurationPlatforms) = preSolution
		Debug|Any CPU = Debug|Any CPU
		Release|Any CPU = Release|Any CPU
	EndGlobalSection
	GlobalSection(ProjectConfigurationPlatforms) = postSolution
		{B092E362-D160-41AC-A9AA-EB00772E61ED}.Debug|Any CPU.ActiveCfg = Debug|Any CPU
		{B092E362-D160-41AC-A9AA-EB00772E61ED}.Debug|Any CPU.Build.0 = Debug|Any CPU
		{B092E362-D160-41AC-A9AA-EB00772E61ED}.Release|Any CPU.ActiveCfg = Release|Any CPU
		{B092E362-D160-41AC-A9AA-EB00772E61ED}.Release|Any CPU.Build.0 = Release|Any CPU
		{2ADD6F5A-4CF3-45DE-A10E-7DA772B322B8}.Debug|Any CPU.ActiveCfg = Debug|Any CPU
		{2ADD6F5A-4CF3-45DE-A10E-7DA772B322B8}.Debug|Any CPU.Build.0 = Debug|Any CPU
		{2ADD6F5A-4CF3-45DE-A10E-7DA772B322B8}.Release|Any CPU.ActiveCfg = Release|Any CPU
		{2ADD6F5A-4CF3-45DE-A10E-7DA772B322B8}.Release|Any CPU.Build.0 = Release|Any CPU
	EndGlobalSection
	GlobalSection(SolutionProperties) = preSolution
		HideSolutionNode = FALSE
	EndGlobalSection
	GlobalSection(ExtensibilityGlobals) = postSolution
		SolutionGuid = {EE29EFF0-CBA4-46D0-8C26-5903E92AAB0B}
	EndGlobalSection
EndGlobal
