
Microsoft Visual Studio Solution File, Format Version 12.00
# Visual Studio Version 16
VisualStudioVersion = 16.0.30621.155
MinimumVisualStudioVersion = 10.0.40219.1
Project("{FAE04EC0-301F-11D3-BF4B-00C04F79EFBC}") = "HMS.WebApi", "HMS.WebApi\HMS.WebApi.csproj", "{035CEBD9-E328-4AE3-8C4F-99C2354C07C5}"
EndProject
Project("{FAE04EC0-301F-11D3-BF4B-00C04F79EFBC}") = "HMS.Models", "HMS.Models\HMS.Models.csproj", "{7A7439C0-B2C6-4207-934C-7783982B1A94}"
EndProject
Project("{FAE04EC0-301F-11D3-BF4B-00C04F79EFBC}") = "HMS.DAL", "HMS.DAL\HMS.DAL.csproj", "{31463536-C860-4FCE-85B9-52E3120DF0C5}"
EndProject
Project("{FAE04EC0-301F-11D3-BF4B-00C04F79EFBC}") = "HMS.BAL", "HMS.BAL\HMS.BAL.csproj", "{24FECDB8-5D61-4BBB-9E34-890AF37007A8}"
EndProject
Global
	GlobalSection(SolutionConfigurationPlatforms) = preSolution
		Debug|Any CPU = Debug|Any CPU
		Release|Any CPU = Release|Any CPU
	EndGlobalSection
	GlobalSection(ProjectConfigurationPlatforms) = postSolution
		{035CEBD9-E328-4AE3-8C4F-99C2354C07C5}.Debug|Any CPU.ActiveCfg = Debug|Any CPU
		{035CEBD9-E328-4AE3-8C4F-99C2354C07C5}.Debug|Any CPU.Build.0 = Debug|Any CPU
		{035CEBD9-E328-4AE3-8C4F-99C2354C07C5}.Release|Any CPU.ActiveCfg = Release|Any CPU
		{035CEBD9-E328-4AE3-8C4F-99C2354C07C5}.Release|Any CPU.Build.0 = Release|Any CPU
		{7A7439C0-B2C6-4207-934C-7783982B1A94}.Debug|Any CPU.ActiveCfg = Debug|Any CPU
		{7A7439C0-B2C6-4207-934C-7783982B1A94}.Debug|Any CPU.Build.0 = Debug|Any CPU
		{7A7439C0-B2C6-4207-934C-7783982B1A94}.Release|Any CPU.ActiveCfg = Release|Any CPU
		{7A7439C0-B2C6-4207-934C-7783982B1A94}.Release|Any CPU.Build.0 = Release|Any CPU
		{31463536-C860-4FCE-85B9-52E3120DF0C5}.Debug|Any CPU.ActiveCfg = Debug|Any CPU
		{31463536-C860-4FCE-85B9-52E3120DF0C5}.Debug|Any CPU.Build.0 = Debug|Any CPU
		{31463536-C860-4FCE-85B9-52E3120DF0C5}.Release|Any CPU.ActiveCfg = Release|Any CPU
		{31463536-C860-4FCE-85B9-52E3120DF0C5}.Release|Any CPU.Build.0 = Release|Any CPU
		{24FECDB8-5D61-4BBB-9E34-890AF37007A8}.Debug|Any CPU.ActiveCfg = Debug|Any CPU
		{24FECDB8-5D61-4BBB-9E34-890AF37007A8}.Debug|Any CPU.Build.0 = Debug|Any CPU
		{24FECDB8-5D61-4BBB-9E34-890AF37007A8}.Release|Any CPU.ActiveCfg = Release|Any CPU
		{24FECDB8-5D61-4BBB-9E34-890AF37007A8}.Release|Any CPU.Build.0 = Release|Any CPU
	EndGlobalSection
	GlobalSection(SolutionProperties) = preSolution
		HideSolutionNode = FALSE
	EndGlobalSection
	GlobalSection(ExtensibilityGlobals) = postSolution
		SolutionGuid = {20AA1B53-0BE9-4322-8A39-6DDFC3BF0B81}
	EndGlobalSection
EndGlobal
