
Microsoft Visual Studio Solution File, Format Version 12.00
# Visual Studio Version 16
VisualStudioVersion = 16.0.30621.155
MinimumVisualStudioVersion = 10.0.40219.1
Project("{FAE04EC0-301F-11D3-BF4B-00C04F79EFBC}") = "NUnitAssignment8", "NUnitAssignment8.csproj", "{646D73A4-D8D4-4706-8FC3-B9B2AE16EDE1}"
EndProject
Project("{FAE04EC0-301F-11D3-BF4B-00C04F79EFBC}") = "NUnitAssignment8.Tests", "..\NUnitAssignment8.Tests\NUnitAssignment8.Tests.csproj", "{7E965A40-B586-4843-98A3-2A16F1DFFD86}"
EndProject
Global
	GlobalSection(SolutionConfigurationPlatforms) = preSolution
		Debug|Any CPU = Debug|Any CPU
		Release|Any CPU = Release|Any CPU
	EndGlobalSection
	GlobalSection(ProjectConfigurationPlatforms) = postSolution
		{646D73A4-D8D4-4706-8FC3-B9B2AE16EDE1}.Debug|Any CPU.ActiveCfg = Debug|Any CPU
		{646D73A4-D8D4-4706-8FC3-B9B2AE16EDE1}.Debug|Any CPU.Build.0 = Debug|Any CPU
		{646D73A4-D8D4-4706-8FC3-B9B2AE16EDE1}.Release|Any CPU.ActiveCfg = Release|Any CPU
		{646D73A4-D8D4-4706-8FC3-B9B2AE16EDE1}.Release|Any CPU.Build.0 = Release|Any CPU
		{7E965A40-B586-4843-98A3-2A16F1DFFD86}.Debug|Any CPU.ActiveCfg = Debug|Any CPU
		{7E965A40-B586-4843-98A3-2A16F1DFFD86}.Debug|Any CPU.Build.0 = Debug|Any CPU
		{7E965A40-B586-4843-98A3-2A16F1DFFD86}.Release|Any CPU.ActiveCfg = Release|Any CPU
		{7E965A40-B586-4843-98A3-2A16F1DFFD86}.Release|Any CPU.Build.0 = Release|Any CPU
	EndGlobalSection
	GlobalSection(SolutionProperties) = preSolution
		HideSolutionNode = FALSE
	EndGlobalSection
	GlobalSection(ExtensibilityGlobals) = postSolution
		SolutionGuid = {C4547CCE-6D8C-4F8A-A59F-04704BFB2888}
	EndGlobalSection
EndGlobal
